
Microsoft Visual Studio Solution File, Format Version 12.00
# Visual Studio Version 16
VisualStudioVersion = 16.0.29123.88
MinimumVisualStudioVersion = 10.0.40219.1
Project("{FAE04EC0-301F-11D3-BF4B-00C04F79EFBC}") = "VexGuiEdit", "VexGuiEdit\VexGuiEdit.csproj", "{D88A0BEA-0002-4992-A3FA-D6FB7AEA463B}"
EndProject
Global
	GlobalSection(SolutionConfigurationPlatforms) = preSolution
		Debug|Any CPU = Debug|Any CPU
		Release|Any CPU = Release|Any CPU
	EndGlobalSection
	GlobalSection(ProjectConfigurationPlatforms) = postSolution
		{D88A0BEA-0002-4992-A3FA-D6FB7AEA463B}.Debug|Any CPU.ActiveCfg = Debug|Any CPU
		{D88A0BEA-0002-4992-A3FA-D6FB7AEA463B}.Debug|Any CPU.Build.0 = Debug|Any CPU
		{D88A0BEA-0002-4992-A3FA-D6FB7AEA463B}.Release|Any CPU.ActiveCfg = Release|Any CPU
		{D88A0BEA-0002-4992-A3FA-D6FB7AEA463B}.Release|Any CPU.Build.0 = Release|Any CPU
	EndGlobalSection
	GlobalSection(SolutionProperties) = preSolution
		HideSolutionNode = FALSE
	EndGlobalSection
	GlobalSection(ExtensibilityGlobals) = postSolution
		SolutionGuid = {48C26A9C-73EA-4D49-85DE-6999761F5C4B}
	EndGlobalSection
EndGlobal
